
Microsoft Visual Studio Solution File, Format Version 12.00
# Visual Studio Version 16
VisualStudioVersion = 16.0.30413.136
MinimumVisualStudioVersion = 10.0.40219.1
Project("{9A19103F-16F7-4668-BE54-9A1E7A4F7556}") = "WebApi", "WebApi\WebApi.csproj", "{01732BB2-EA39-4669-B182-51019A7FF153}"
EndProject
Project("{9A19103F-16F7-4668-BE54-9A1E7A4F7556}") = "Domain", "Domain\Domain.csproj", "{F2A6F369-F6FA-4A10-AE8E-0CC871E5DC19}"
EndProject
Project("{9A19103F-16F7-4668-BE54-9A1E7A4F7556}") = "DataAccess", "DataAccess\DataAccess.csproj", "{5477CAA7-DE56-4840-A7D8-8C311CC81A90}"
EndProject
Project("{9A19103F-16F7-4668-BE54-9A1E7A4F7556}") = "Service", "Service\Service.csproj", "{DB47A547-4495-481F-9BF5-AE5B1530970A}"
EndProject
Project("{9A19103F-16F7-4668-BE54-9A1E7A4F7556}") = "IoCConfig", "IoCConfig\IoCConfig.csproj", "{C8A3245A-4547-4738-AC3A-F288E54A1BB8}"
EndProject
Project("{FAE04EC0-301F-11D3-BF4B-00C04F79EFBC}") = "Service.test", "Service.test\Service.test.csproj", "{A3D3B325-D116-4814-AA52-26D0FFC69A05}"
EndProject
Global
	GlobalSection(SolutionConfigurationPlatforms) = preSolution
		Debug|Any CPU = Debug|Any CPU
		Release|Any CPU = Release|Any CPU
	EndGlobalSection
	GlobalSection(ProjectConfigurationPlatforms) = postSolution
		{01732BB2-EA39-4669-B182-51019A7FF153}.Debug|Any CPU.ActiveCfg = Debug|Any CPU
		{01732BB2-EA39-4669-B182-51019A7FF153}.Debug|Any CPU.Build.0 = Debug|Any CPU
		{01732BB2-EA39-4669-B182-51019A7FF153}.Release|Any CPU.ActiveCfg = Release|Any CPU
		{01732BB2-EA39-4669-B182-51019A7FF153}.Release|Any CPU.Build.0 = Release|Any CPU
		{F2A6F369-F6FA-4A10-AE8E-0CC871E5DC19}.Debug|Any CPU.ActiveCfg = Debug|Any CPU
		{F2A6F369-F6FA-4A10-AE8E-0CC871E5DC19}.Debug|Any CPU.Build.0 = Debug|Any CPU
		{F2A6F369-F6FA-4A10-AE8E-0CC871E5DC19}.Release|Any CPU.ActiveCfg = Release|Any CPU
		{F2A6F369-F6FA-4A10-AE8E-0CC871E5DC19}.Release|Any CPU.Build.0 = Release|Any CPU
		{5477CAA7-DE56-4840-A7D8-8C311CC81A90}.Debug|Any CPU.ActiveCfg = Debug|Any CPU
		{5477CAA7-DE56-4840-A7D8-8C311CC81A90}.Debug|Any CPU.Build.0 = Debug|Any CPU
		{5477CAA7-DE56-4840-A7D8-8C311CC81A90}.Release|Any CPU.ActiveCfg = Release|Any CPU
		{5477CAA7-DE56-4840-A7D8-8C311CC81A90}.Release|Any CPU.Build.0 = Release|Any CPU
		{DB47A547-4495-481F-9BF5-AE5B1530970A}.Debug|Any CPU.ActiveCfg = Debug|Any CPU
		{DB47A547-4495-481F-9BF5-AE5B1530970A}.Debug|Any CPU.Build.0 = Debug|Any CPU
		{DB47A547-4495-481F-9BF5-AE5B1530970A}.Release|Any CPU.ActiveCfg = Release|Any CPU
		{DB47A547-4495-481F-9BF5-AE5B1530970A}.Release|Any CPU.Build.0 = Release|Any CPU
		{C8A3245A-4547-4738-AC3A-F288E54A1BB8}.Debug|Any CPU.ActiveCfg = Debug|Any CPU
		{C8A3245A-4547-4738-AC3A-F288E54A1BB8}.Debug|Any CPU.Build.0 = Debug|Any CPU
		{C8A3245A-4547-4738-AC3A-F288E54A1BB8}.Release|Any CPU.ActiveCfg = Release|Any CPU
		{C8A3245A-4547-4738-AC3A-F288E54A1BB8}.Release|Any CPU.Build.0 = Release|Any CPU
		{A3D3B325-D116-4814-AA52-26D0FFC69A05}.Debug|Any CPU.ActiveCfg = Debug|Any CPU
		{A3D3B325-D116-4814-AA52-26D0FFC69A05}.Debug|Any CPU.Build.0 = Debug|Any CPU
		{A3D3B325-D116-4814-AA52-26D0FFC69A05}.Release|Any CPU.ActiveCfg = Release|Any CPU
		{A3D3B325-D116-4814-AA52-26D0FFC69A05}.Release|Any CPU.Build.0 = Release|Any CPU
	EndGlobalSection
	GlobalSection(SolutionProperties) = preSolution
		HideSolutionNode = FALSE
	EndGlobalSection
	GlobalSection(ExtensibilityGlobals) = postSolution
		SolutionGuid = {4E90828F-5DA8-4F51-8212-E487331D0721}
	EndGlobalSection
EndGlobal
